# This file was autogenerated by uv via the following command:
#    uv pip compile pyproject.toml -o uv.lock
annotated-types==0.7.0
    # via pydantic
anyio==4.7.0
    # via httpx
certifi==2024.12.14
    # via
    #   httpcore
    #   httpx
h11==0.14.0
    # via httpcore
httpcore==1.0.7
    # via httpx
httpx==0.27.2
    # via ollama
idna==3.10
    # via
    #   anyio
    #   httpx
jinja2==3.1.5
    # via extractflow_parser (pyproject.toml)
markupsafe==3.0.2
    # via jinja2
ollama==0.4.5
    # via extractflow_parser (pyproject.toml)
pydantic==2.10.4
    # via
    #   extractflow_parser (pyproject.toml)
    #   ollama
pydantic-core==2.27.2
    # via pydantic
pymupdf==1.25.1
    # via extractflow_parser (pyproject.toml)
sniffio==1.3.1
    # via
    #   anyio
    #   httpx
tenacity==9.0.0
    # via extractflow_parser (pyproject.toml)
tqdm==4.67.1
    # via extractflow_parser (pyproject.toml)
typing-extensions==4.12.2
    # via
    #   anyio
    #   pydantic
    #   pydantic-core
